# This file is automatically @generated by Cargo.
# It is not intended for manual editing.
version = 3

[[package]]
name = "adler32"
version = "1.2.0"
source = "registry+https://github.com/rust-lang/crates.io-index"
checksum = "aae1277d39aeec15cb388266ecc24b11c80469deae6067e17a1a7aa9e5c1f234"

[[package]]
name = "ahash"
version = "0.4.7"
source = "registry+https://github.com/rust-lang/crates.io-index"
checksum = "739f4a8db6605981345c5654f3a85b056ce52f37a39d34da03f25bf2151ea16e"

[[package]]
name = "approx"
version = "0.5.0"
source = "registry+https://github.com/rust-lang/crates.io-index"
checksum = "072df7202e63b127ab55acfe16ce97013d5b97bf160489336d3f1840fd78e99e"
dependencies = [
 "num-traits",
]

[[package]]
name = "async-channel"
version = "1.6.1"
source = "registry+https://github.com/rust-lang/crates.io-index"
checksum = "2114d64672151c0c5eaa5e131ec84a74f06e1e559830dabba01ca30605d66319"
dependencies = [
 "concurrent-queue",
 "event-listener",
 "futures-core",
]

[[package]]
name = "async-executor"
version = "1.4.1"
source = "registry+https://github.com/rust-lang/crates.io-index"
checksum = "871f9bb5e0a22eeb7e8cf16641feb87c9dc67032ccf8ff49e772eb9941d3a965"
dependencies = [
 "async-task",
 "concurrent-queue",
 "fastrand",
 "futures-lite",
 "once_cell",
 "slab",
]

[[package]]
name = "async-global-executor"
version = "2.0.2"
source = "registry+https://github.com/rust-lang/crates.io-index"
checksum = "9586ec52317f36de58453159d48351bc244bc24ced3effc1fce22f3d48664af6"
dependencies = [
 "async-channel",
 "async-executor",
 "async-io",
 "async-mutex",
 "blocking",
 "futures-lite",
 "num_cpus",
 "once_cell",
]

[[package]]
name = "async-io"
version = "1.6.0"
source = "registry+https://github.com/rust-lang/crates.io-index"
checksum = "a811e6a479f2439f0c04038796b5cfb3d2ad56c230e0f2d3f7b04d68cfee607b"
dependencies = [
 "concurrent-queue",
 "futures-lite",
 "libc",
 "log",
 "once_cell",
 "parking",
 "polling",
 "slab",
 "socket2",
 "waker-fn",
 "winapi",
]

[[package]]
name = "async-lock"
version = "2.4.0"
source = "registry+https://github.com/rust-lang/crates.io-index"
checksum = "e6a8ea61bf9947a1007c5cada31e647dbc77b103c679858150003ba697ea798b"
dependencies = [
 "event-listener",
]

[[package]]
name = "async-mutex"
version = "1.4.0"
source = "registry+https://github.com/rust-lang/crates.io-index"
checksum = "479db852db25d9dbf6204e6cb6253698f175c15726470f78af0d918e99d6156e"
dependencies = [
 "event-listener",
]

[[package]]
name = "async-std"
version = "1.9.0"
source = "registry+https://github.com/rust-lang/crates.io-index"
checksum = "d9f06685bad74e0570f5213741bea82158279a4103d988e57bfada11ad230341"
dependencies = [
 "async-channel",
 "async-global-executor",
 "async-io",
 "async-lock",
 "crossbeam-utils",
 "futures-channel",
 "futures-core",
 "futures-io",
 "futures-lite",
 "gloo-timers",
 "kv-log-macro",
 "log",
 "memchr",
 "num_cpus",
 "once_cell",
 "pin-project-lite",
 "pin-utils",
 "slab",
 "wasm-bindgen-futures",
]

[[package]]
name = "async-task"
version = "4.0.3"
source = "registry+https://github.com/rust-lang/crates.io-index"
checksum = "e91831deabf0d6d7ec49552e489aed63b7456a7a3c46cff62adad428110b0af0"

[[package]]
name = "atomic-waker"
version = "1.0.0"
source = "registry+https://github.com/rust-lang/crates.io-index"
checksum = "065374052e7df7ee4047b1160cca5e1467a12351a40b3da123c870ba0b8eda2a"

[[package]]
name = "audir-sles"
version = "0.1.0"
source = "registry+https://github.com/rust-lang/crates.io-index"
checksum = "ea47348666a8edb7ad80cbee3940eb2bccf70df0e6ce09009abe1a836cb779f5"

[[package]]
name = "audrey"
version = "0.3.0"
source = "registry+https://github.com/rust-lang/crates.io-index"
checksum = "58b92a84e89497e3cd25d3672cd5d1c288abaac02c18ff21283f17d118b889b8"
dependencies = [
 "dasp_frame",
 "dasp_sample",
 "hound",
 "lewton",
]

[[package]]
name = "autocfg"
version = "1.0.1"
source = "registry+https://github.com/rust-lang/crates.io-index"
checksum = "cdb031dd78e28731d87d56cc8ffef4a8f36ca26c38fe2de700543e627f8a464a"

[[package]]
name = "bitflags"
version = "1.3.2"
source = "registry+https://github.com/rust-lang/crates.io-index"
checksum = "bef38d45163c2f1dde094a7dfd33ccf595c92905c8f8f4fdc18d06fb1037718a"

[[package]]
name = "blocking"
version = "1.0.2"
source = "registry+https://github.com/rust-lang/crates.io-index"
checksum = "c5e170dbede1f740736619b776d7251cb1b9095c435c34d8ca9f57fcd2f335e9"
dependencies = [
 "async-channel",
 "async-task",
 "atomic-waker",
 "fastrand",
 "futures-lite",
 "once_cell",
]

[[package]]
name = "bumpalo"
version = "3.7.0"
source = "registry+https://github.com/rust-lang/crates.io-index"
checksum = "9c59e7af012c713f529e7a3ee57ce9b31ddd858d4b512923602f74608b009631"

[[package]]
name = "bytemuck"
version = "1.7.2"
source = "registry+https://github.com/rust-lang/crates.io-index"
checksum = "72957246c41db82b8ef88a5486143830adeb8227ef9837740bdec67724cf2c5b"

[[package]]
name = "byteorder"
version = "1.4.3"
source = "registry+https://github.com/rust-lang/crates.io-index"
checksum = "14c189c53d098945499cdfa7ecc63567cf3886b3332b312a5b4585d8d3a6a610"

[[package]]
name = "cache-padded"
version = "1.1.1"
source = "registry+https://github.com/rust-lang/crates.io-index"
checksum = "631ae5198c9be5e753e5cc215e1bd73c2b466a3565173db433f52bb9d3e66dba"

[[package]]
name = "cc"
version = "1.0.69"
source = "registry+https://github.com/rust-lang/crates.io-index"
checksum = "e70cc2f62c6ce1868963827bd677764c62d07c3d9a3e1fb1177ee1a9ab199eb2"

[[package]]
name = "cfg-if"
version = "1.0.0"
source = "registry+https://github.com/rust-lang/crates.io-index"
checksum = "baf1de4339761588bc0619e3cbc0120ee582ebb74b53b4efbf79117bd2da40fd"

[[package]]
name = "color_quant"
version = "1.1.0"
source = "registry+https://github.com/rust-lang/crates.io-index"
checksum = "3d7b894f5411737b7867f4827955924d7c254fc9f4d91a6aad6b097804b1018b"

[[package]]
name = "concurrent-queue"
version = "1.2.2"
source = "registry+https://github.com/rust-lang/crates.io-index"
checksum = "30ed07550be01594c6026cff2a1d7fe9c8f683caa798e12b68694ac9e88286a3"
dependencies = [
 "cache-padded",
]

[[package]]
name = "crc32fast"
version = "1.2.1"
source = "registry+https://github.com/rust-lang/crates.io-index"
checksum = "81156fece84ab6a9f2afdb109ce3ae577e42b1228441eded99bd77f627953b1a"
dependencies = [
 "cfg-if",
]

[[package]]
name = "crossbeam-utils"
version = "0.8.5"
source = "registry+https://github.com/rust-lang/crates.io-index"
checksum = "d82cfc11ce7f2c3faef78d8a684447b40d503d9681acebed6cb728d45940c4db"
dependencies = [
 "cfg-if",
 "lazy_static",
]

[[package]]
name = "ctor"
version = "0.1.20"
source = "registry+https://github.com/rust-lang/crates.io-index"
checksum = "5e98e2ad1a782e33928b96fc3948e7c355e5af34ba4de7670fe8bac2a3b2006d"
dependencies = [
 "quote",
 "syn",
]

[[package]]
name = "dasp_frame"
version = "0.11.0"
source = "registry+https://github.com/rust-lang/crates.io-index"
checksum = "b2a3937f5fe2135702897535c8d4a5553f8b116f76c1529088797f2eee7c5cd6"
dependencies = [
 "dasp_sample",
]

[[package]]
name = "dasp_sample"
version = "0.11.0"
source = "registry+https://github.com/rust-lang/crates.io-index"
checksum = "0c87e182de0887fd5361989c677c4e8f5000cd9491d6d563161a8f3a5519fc7f"

[[package]]
name = "deflate"
version = "0.8.6"
source = "registry+https://github.com/rust-lang/crates.io-index"
checksum = "73770f8e1fe7d64df17ca66ad28994a0a623ea497fa69486e14984e715c5d174"
dependencies = [
 "adler32",
 "byteorder",
]

[[package]]
name = "event-listener"
version = "2.5.1"
source = "registry+https://github.com/rust-lang/crates.io-index"
checksum = "f7531096570974c3a9dcf9e4b8e1cede1ec26cf5046219fb3b9d897503b9be59"

[[package]]
name = "fastrand"
version = "1.5.0"
source = "registry+https://github.com/rust-lang/crates.io-index"
checksum = "b394ed3d285a429378d3b384b9eb1285267e7df4b166df24b7a6939a04dc392e"
dependencies = [
 "instant",
]

[[package]]
name = "fontdue"
version = "0.5.2"
source = "registry+https://github.com/rust-lang/crates.io-index"
checksum = "c75712fff1702bac51b7eaa5a5ca9f9853b8055ef5906088a32f4fe196595a1d"
dependencies = [
 "hashbrown",
 "ttf-parser",
]

[[package]]
name = "futures"
version = "0.3.16"
source = "registry+https://github.com/rust-lang/crates.io-index"
checksum = "1adc00f486adfc9ce99f77d717836f0c5aa84965eb0b4f051f4e83f7cab53f8b"
dependencies = [
 "futures-channel",
 "futures-core",
 "futures-executor",
 "futures-io",
 "futures-sink",
 "futures-task",
 "futures-util",
]

[[package]]
name = "futures-channel"
version = "0.3.16"
source = "registry+https://github.com/rust-lang/crates.io-index"
checksum = "74ed2411805f6e4e3d9bc904c95d5d423b89b3b25dc0250aa74729de20629ff9"
dependencies = [
 "futures-core",
 "futures-sink",
]

[[package]]
name = "futures-core"
version = "0.3.16"
source = "registry+https://github.com/rust-lang/crates.io-index"
checksum = "af51b1b4a7fdff033703db39de8802c673eb91855f2e0d47dcf3bf2c0ef01f99"

[[package]]
name = "futures-executor"
version = "0.3.16"
source = "registry+https://github.com/rust-lang/crates.io-index"
checksum = "4d0d535a57b87e1ae31437b892713aee90cd2d7b0ee48727cd11fc72ef54761c"
dependencies = [
 "futures-core",
 "futures-task",
 "futures-util",
]

[[package]]
name = "futures-io"
version = "0.3.16"
source = "registry+https://github.com/rust-lang/crates.io-index"
checksum = "0b0e06c393068f3a6ef246c75cdca793d6a46347e75286933e5e75fd2fd11582"

[[package]]
name = "futures-lite"
version = "1.12.0"
source = "registry+https://github.com/rust-lang/crates.io-index"
checksum = "7694489acd39452c77daa48516b894c153f192c3578d5a839b62c58099fcbf48"
dependencies = [
 "fastrand",
 "futures-core",
 "futures-io",
 "memchr",
 "parking",
 "pin-project-lite",
 "waker-fn",
]

[[package]]
name = "futures-macro"
version = "0.3.16"
source = "registry+https://github.com/rust-lang/crates.io-index"
checksum = "c54913bae956fb8df7f4dc6fc90362aa72e69148e3f39041fbe8742d21e0ac57"
dependencies = [
 "autocfg",
 "proc-macro-hack",
 "proc-macro2",
 "quote",
 "syn",
]

[[package]]
name = "futures-sink"
version = "0.3.16"
source = "registry+https://github.com/rust-lang/crates.io-index"
checksum = "c0f30aaa67363d119812743aa5f33c201a7a66329f97d1a887022971feea4b53"

[[package]]
name = "futures-task"
version = "0.3.16"
source = "registry+https://github.com/rust-lang/crates.io-index"
checksum = "bbe54a98670017f3be909561f6ad13e810d9a51f3f061b902062ca3da80799f2"

[[package]]
name = "futures-util"
version = "0.3.16"
source = "registry+https://github.com/rust-lang/crates.io-index"
checksum = "67eb846bfd58e44a8481a00049e82c43e0ccb5d61f8dc071057cb19249dd4d78"
dependencies = [
 "autocfg",
 "futures-channel",
 "futures-core",
 "futures-io",
 "futures-macro",
 "futures-sink",
 "futures-task",
 "memchr",
 "pin-project-lite",
 "pin-utils",
 "proc-macro-hack",
 "proc-macro-nested",
 "slab",
]

[[package]]
name = "getrandom"
version = "0.2.3"
source = "registry+https://github.com/rust-lang/crates.io-index"
checksum = "7fcd999463524c52659517fe2cea98493cfe485d10565e7b0fb07dbba7ad2753"
dependencies = [
 "cfg-if",
 "libc",
 "wasi",
]

[[package]]
name = "glam"
version = "0.14.0"
source = "registry+https://github.com/rust-lang/crates.io-index"
checksum = "333928d5eb103c5d4050533cec0384302db6be8ef7d3cebd30ec6a35350353da"

[[package]]
name = "gloo-timers"
version = "0.2.1"
source = "registry+https://github.com/rust-lang/crates.io-index"
checksum = "47204a46aaff920a1ea58b11d03dec6f704287d27561724a4631e450654a891f"
dependencies = [
 "futures-channel",
 "futures-core",
 "js-sys",
 "wasm-bindgen",
 "web-sys",
]

[[package]]
name = "hashbrown"
version = "0.9.1"
source = "registry+https://github.com/rust-lang/crates.io-index"
checksum = "d7afe4a420e3fe79967a00898cc1f4db7c8a49a9333a29f8a4bd76a253d5cd04"
dependencies = [
 "ahash",
]

[[package]]
name = "hermit-abi"
version = "0.1.19"
source = "registry+https://github.com/rust-lang/crates.io-index"
checksum = "62b467343b94ba476dcb2500d242dadbb39557df889310ac77c5d99100aaac33"
dependencies = [
 "libc",
]

[[package]]
name = "hound"
version = "3.4.0"
source = "registry+https://github.com/rust-lang/crates.io-index"
checksum = "8a164bb2ceaeff4f42542bdb847c41517c78a60f5649671b2a07312b6e117549"

[[package]]
name = "image"
version = "0.23.14"
source = "registry+https://github.com/rust-lang/crates.io-index"
checksum = "24ffcb7e7244a9bf19d35bf2883b9c080c4ced3c07a9895572178cdb8f13f6a1"
dependencies = [
 "bytemuck",
 "byteorder",
 "color_quant",
 "num-iter",
 "num-rational 0.3.2",
 "num-traits",
 "png",
]

[[package]]
name = "instant"
version = "0.1.10"
source = "registry+https://github.com/rust-lang/crates.io-index"
checksum = "bee0328b1209d157ef001c94dd85b4f8f64139adb0eac2659f4b08382b2f474d"
dependencies = [
 "cfg-if",
]

[[package]]
name = "js-sys"
version = "0.3.53"
source = "registry+https://github.com/rust-lang/crates.io-index"
checksum = "e4bf49d50e2961077d9c99f4b7997d770a1114f087c3c2e0069b36c13fc2979d"
dependencies = [
 "wasm-bindgen",
]

[[package]]
name = "kv-log-macro"
version = "1.0.7"
source = "registry+https://github.com/rust-lang/crates.io-index"
checksum = "0de8b303297635ad57c9f5059fd9cee7a47f8e8daa09df0fcd07dd39fb22977f"
dependencies = [
 "log",
]

[[package]]
name = "lazy_static"
version = "1.4.0"
source = "registry+https://github.com/rust-lang/crates.io-index"
checksum = "e2abad23fbc42b3700f2f279844dc832adb2b2eb069b2df918f455c4e18cc646"

[[package]]
name = "lewton"
version = "0.9.4"
source = "registry+https://github.com/rust-lang/crates.io-index"
checksum = "8d542c1a317036c45c2aa1cf10cc9d403ca91eb2d333ef1a4917e5cb10628bd0"
dependencies = [
 "byteorder",
 "ogg",
 "smallvec",
]

[[package]]
name = "libc"
version = "0.2.100"
source = "registry+https://github.com/rust-lang/crates.io-index"
checksum = "a1fa8cddc8fbbee11227ef194b5317ed014b8acbf15139bd716a18ad3fe99ec5"

[[package]]
name = "libm"
version = "0.2.1"
source = "registry+https://github.com/rust-lang/crates.io-index"
checksum = "c7d73b3f436185384286bd8098d17ec07c9a7d2388a6599f824d8502b529702a"

[[package]]
name = "log"
version = "0.4.14"
source = "registry+https://github.com/rust-lang/crates.io-index"
checksum = "51b9bbe6c47d51fc3e1a9b945965946b4c44142ab8792c50835a980d362c2710"
dependencies = [
 "cfg-if",
 "value-bag",
]

[[package]]
name = "macroquad"
version = "0.3.8"
source = "registry+https://github.com/rust-lang/crates.io-index"
checksum = "01cd857aa6338beb13b14bc26e662652e2d78b9341ed82ee91ef2c7fceb35ed3"
dependencies = [
 "bumpalo",
 "fontdue",
 "glam",
 "image",
 "macroquad_macro",
 "miniquad",
 "quad-rand",
 "quad-snd",
]

[[package]]
name = "macroquad_macro"
version = "0.1.5"
source = "registry+https://github.com/rust-lang/crates.io-index"
checksum = "6ecb8935bc6a74b8374439c0bd8d2857ae1499fde9fbba76bb00722f7213b42d"

[[package]]
name = "matrixmultiply"
version = "0.3.1"
source = "registry+https://github.com/rust-lang/crates.io-index"
checksum = "5a8a15b776d9dfaecd44b03c5828c2199cddff5247215858aac14624f8d6b741"
dependencies = [
 "rawpointer",
]

[[package]]
name = "maybe-uninit"
version = "2.0.0"
source = "registry+https://github.com/rust-lang/crates.io-index"
checksum = "60302e4db3a61da70c0cb7991976248362f30319e88850c487b9b95bbf059e00"

[[package]]
name = "memchr"
version = "2.4.1"
source = "registry+https://github.com/rust-lang/crates.io-index"
checksum = "308cc39be01b73d0d18f82a0e7b2a3df85245f84af96fdddc5d202d27e47b86a"

[[package]]
name = "miniquad"
version = "0.3.0-alpha.37"
source = "registry+https://github.com/rust-lang/crates.io-index"
checksum = "6793a3ef846953fc7c01302093abf8749be22742c63db05c66ef0a2c889a7fbb"
dependencies = [
 "sapp-android",
 "sapp-darwin",
 "sapp-dummy",
 "sapp-ios",
 "sapp-linux",
 "sapp-wasm",
 "sapp-windows",
]

[[package]]
name = "miniz_oxide"
version = "0.3.7"
source = "registry+https://github.com/rust-lang/crates.io-index"
checksum = "791daaae1ed6889560f8c4359194f56648355540573244a5448a83ba1ecc7435"
dependencies = [
 "adler32",
]

[[package]]
name = "nalgebra"
version = "0.27.1"
source = "registry+https://github.com/rust-lang/crates.io-index"
checksum = "462fffe4002f4f2e1f6a9dcf12cc1a6fc0e15989014efc02a941d3e0f5dc2120"
dependencies = [
 "approx",
 "matrixmultiply",
 "nalgebra-macros",
 "num-complex",
 "num-rational 0.4.0",
 "num-traits",
 "rand",
 "rand_distr",
 "simba 0.5.1",
 "typenum",
]

[[package]]
name = "nalgebra"
version = "0.29.0"
source = "registry+https://github.com/rust-lang/crates.io-index"
checksum = "d506eb7e08d6329505faa8a3a00a5dcc6de9f76e0c77e4b75763ae3c770831ff"
dependencies = [
 "approx",
 "matrixmultiply",
 "nalgebra-macros",
 "num-complex",
 "num-rational 0.4.0",
 "num-traits",
 "simba 0.6.0",
 "typenum",
]

[[package]]
name = "nalgebra-macros"
version = "0.1.0"
source = "registry+https://github.com/rust-lang/crates.io-index"
checksum = "01fcc0b8149b4632adc89ac3b7b31a12fb6099a0317a4eb2ebff574ef7de7218"
dependencies = [
 "proc-macro2",
 "quote",
 "syn",
]

[[package]]
name = "ndk-sys"
version = "0.2.1"
source = "registry+https://github.com/rust-lang/crates.io-index"
checksum = "c44922cb3dbb1c70b5e5f443d63b64363a898564d739ba5198e3a9138442868d"

[[package]]
name = "num"
version = "0.4.0"
source = "registry+https://github.com/rust-lang/crates.io-index"
checksum = "43db66d1170d347f9a065114077f7dccb00c1b9478c89384490a3425279a4606"
dependencies = [
 "num-bigint",
 "num-complex",
 "num-integer",
 "num-iter",
 "num-rational 0.4.0",
 "num-traits",
]

[[package]]
name = "num-bigint"
version = "0.4.0"
source = "registry+https://github.com/rust-lang/crates.io-index"
checksum = "4e0d047c1062aa51e256408c560894e5251f08925980e53cf1aa5bd00eec6512"
dependencies = [
 "autocfg",
 "num-integer",
 "num-traits",
]

[[package]]
name = "num-complex"
version = "0.4.0"
source = "registry+https://github.com/rust-lang/crates.io-index"
checksum = "26873667bbbb7c5182d4a37c1add32cdf09f841af72da53318fdb81543c15085"
dependencies = [
 "num-traits",
]

[[package]]
name = "num-integer"
version = "0.1.44"
source = "registry+https://github.com/rust-lang/crates.io-index"
checksum = "d2cc698a63b549a70bc047073d2949cce27cd1c7b0a4a862d08a8031bc2801db"
dependencies = [
 "autocfg",
 "num-traits",
]

[[package]]
name = "num-iter"
version = "0.1.42"
source = "registry+https://github.com/rust-lang/crates.io-index"
checksum = "b2021c8337a54d21aca0d59a92577a029af9431cb59b909b03252b9c164fad59"
dependencies = [
 "autocfg",
 "num-integer",
 "num-traits",
]

[[package]]
name = "num-rational"
version = "0.3.2"
source = "registry+https://github.com/rust-lang/crates.io-index"
checksum = "12ac428b1cb17fce6f731001d307d351ec70a6d202fc2e60f7d4c5e42d8f4f07"
dependencies = [
 "autocfg",
 "num-integer",
 "num-traits",
]

[[package]]
name = "num-rational"
version = "0.4.0"
source = "registry+https://github.com/rust-lang/crates.io-index"
checksum = "d41702bd167c2df5520b384281bc111a4b5efcf7fbc4c9c222c815b07e0a6a6a"
dependencies = [
 "autocfg",
 "num-bigint",
 "num-integer",
 "num-traits",
]

[[package]]
name = "num-traits"
version = "0.2.14"
source = "registry+https://github.com/rust-lang/crates.io-index"
checksum = "9a64b1ec5cda2586e284722486d802acf1f7dbdc623e2bfc57e65ca1cd099290"
dependencies = [
 "autocfg",
 "libm",
]

[[package]]
name = "num_cpus"
version = "1.13.0"
source = "registry+https://github.com/rust-lang/crates.io-index"
checksum = "05499f3756671c15885fee9034446956fff3f243d6077b91e5767df161f766b3"
dependencies = [
 "hermit-abi",
 "libc",
]

[[package]]
name = "ogg"
version = "0.7.1"
source = "registry+https://github.com/rust-lang/crates.io-index"
checksum = "13e571c3517af9e1729d4c63571a27edd660ade0667973bfc74a67c660c2b651"
dependencies = [
 "byteorder",
]

[[package]]
name = "once_cell"
version = "1.8.0"
source = "registry+https://github.com/rust-lang/crates.io-index"
checksum = "692fcb63b64b1758029e0a96ee63e049ce8c5948587f2f7208df04625e5f6b56"

[[package]]
name = "parking"
version = "2.0.0"
source = "registry+https://github.com/rust-lang/crates.io-index"
checksum = "427c3892f9e783d91cc128285287e70a59e206ca452770ece88a76f7a3eddd72"

[[package]]
name = "paste"
version = "1.0.5"
source = "registry+https://github.com/rust-lang/crates.io-index"
checksum = "acbf547ad0c65e31259204bd90935776d1c693cec2f4ff7abb7a1bbbd40dfe58"

[[package]]
name = "pin-project-lite"
version = "0.2.7"
source = "registry+https://github.com/rust-lang/crates.io-index"
checksum = "8d31d11c69a6b52a174b42bdc0c30e5e11670f90788b2c471c31c1d17d449443"

[[package]]
name = "pin-utils"
version = "0.1.0"
source = "registry+https://github.com/rust-lang/crates.io-index"
checksum = "8b870d8c151b6f2fb93e84a13146138f05d02ed11c7e7c54f8826aaaf7c9f184"

[[package]]
name = "png"
version = "0.16.8"
source = "registry+https://github.com/rust-lang/crates.io-index"
checksum = "3c3287920cb847dee3de33d301c463fba14dda99db24214ddf93f83d3021f4c6"
dependencies = [
 "bitflags",
 "crc32fast",
 "deflate",
 "miniz_oxide",
]

[[package]]
name = "polling"
version = "2.1.0"
source = "registry+https://github.com/rust-lang/crates.io-index"
checksum = "92341d779fa34ea8437ef4d82d440d5e1ce3f3ff7f824aa64424cd481f9a1f25"
dependencies = [
 "cfg-if",
 "libc",
 "log",
 "wepoll-ffi",
 "winapi",
]

[[package]]
name = "ppv-lite86"
version = "0.2.10"
source = "registry+https://github.com/rust-lang/crates.io-index"
checksum = "ac74c624d6b2d21f425f752262f42188365d7b8ff1aff74c82e45136510a4857"

[[package]]
name = "proc-macro-hack"
version = "0.5.19"
source = "registry+https://github.com/rust-lang/crates.io-index"
checksum = "dbf0c48bc1d91375ae5c3cd81e3722dff1abcf81a30960240640d223f59fe0e5"

[[package]]
name = "proc-macro-nested"
version = "0.1.7"
source = "registry+https://github.com/rust-lang/crates.io-index"
checksum = "bc881b2c22681370c6a780e47af9840ef841837bc98118431d4e1868bd0c1086"

[[package]]
name = "proc-macro2"
version = "1.0.28"
source = "registry+https://github.com/rust-lang/crates.io-index"
checksum = "5c7ed8b8c7b886ea3ed7dde405212185f423ab44682667c8c6dd14aa1d9f6612"
dependencies = [
 "unicode-xid",
]

[[package]]
name = "quad-alsa-sys"
version = "0.3.2"
source = "registry+https://github.com/rust-lang/crates.io-index"
checksum = "c66c2f04a6946293477973d85adc251d502da51c57b08cd9c997f0cfd8dcd4b5"
dependencies = [
 "libc",
]

[[package]]
name = "quad-rand"
version = "0.2.1"
source = "registry+https://github.com/rust-lang/crates.io-index"
checksum = "658fa1faf7a4cc5f057c9ee5ef560f717ad9d8dc66d975267f709624d6e1ab88"

[[package]]
name = "quad-snd"
version = "0.2.2"
source = "registry+https://github.com/rust-lang/crates.io-index"
checksum = "e9b33c4e021bc86d54061b7d23ec96e6fd4c4400066658b043e2b2b36ebca737"
dependencies = [
 "audir-sles",
 "audrey",
 "libc",
 "quad-alsa-sys",
 "winapi",
]

[[package]]
name = "quote"
version = "1.0.9"
source = "registry+https://github.com/rust-lang/crates.io-index"
checksum = "c3d0b9745dc2debf507c8422de05d7226cc1f0644216dfdfead988f9b1ab32a7"
dependencies = [
 "proc-macro2",
]

[[package]]
name = "rand"
version = "0.8.4"
source = "registry+https://github.com/rust-lang/crates.io-index"
checksum = "2e7573632e6454cf6b99d7aac4ccca54be06da05aca2ef7423d22d27d4d4bcd8"
dependencies = [
 "libc",
 "rand_chacha",
 "rand_core",
 "rand_hc",
]

[[package]]
name = "rand_chacha"
version = "0.3.1"
source = "registry+https://github.com/rust-lang/crates.io-index"
checksum = "e6c10a63a0fa32252be49d21e7709d4d4baf8d231c2dbce1eaa8141b9b127d88"
dependencies = [
 "ppv-lite86",
 "rand_core",
]

[[package]]
name = "rand_core"
version = "0.6.3"
source = "registry+https://github.com/rust-lang/crates.io-index"
checksum = "d34f1408f55294453790c48b2f1ebbb1c5b4b7563eb1f418bcfcfdbb06ebb4e7"
dependencies = [
 "getrandom",
]

[[package]]
name = "rand_distr"
version = "0.4.1"
source = "registry+https://github.com/rust-lang/crates.io-index"
checksum = "051b398806e42b9cd04ad9ec8f81e355d0a382c543ac6672c62f5a5b452ef142"
dependencies = [
 "num-traits",
 "rand",
]

[[package]]
name = "rand_hc"
version = "0.3.1"
source = "registry+https://github.com/rust-lang/crates.io-index"
checksum = "d51e9f596de227fda2ea6c84607f5558e196eeaf43c986b724ba4fb8fdf497e7"
dependencies = [
 "rand_core",
]

[[package]]
name = "rawpointer"
version = "0.2.1"
source = "registry+https://github.com/rust-lang/crates.io-index"
checksum = "60a357793950651c4ed0f3f52338f53b2f809f32d83a07f72909fa13e4c6c1e3"

[[package]]
name = "safe_arch"
version = "0.6.0"
source = "registry+https://github.com/rust-lang/crates.io-index"
checksum = "794821e4ccb0d9f979512f9c1973480123f9bd62a90d74ab0f9426fcf8f4a529"
dependencies = [
 "bytemuck",
]

[[package]]
name = "sapp-android"
version = "0.1.8"
source = "registry+https://github.com/rust-lang/crates.io-index"
checksum = "5a4a81f462ba2783213978528560aa138adf2f94da1ac940c1b5c854c03e1724"
dependencies = [
 "libc",
 "ndk-sys",
]

[[package]]
name = "sapp-darwin"
version = "0.1.6"
source = "registry+https://github.com/rust-lang/crates.io-index"
checksum = "0310e2445f307468aa13f1cde94d6fba6b8fd329afbb642dedbe3faf1a145f31"
dependencies = [
 "cc",
]

[[package]]
name = "sapp-dummy"
version = "0.1.5"
source = "registry+https://github.com/rust-lang/crates.io-index"
checksum = "66f1ad26a5b6c682b9ca27c66db9aa91002b8d98a82ac7101ded57285215a478"
dependencies = [
 "libc",
]

[[package]]
name = "sapp-ios"
version = "0.1.2"
source = "registry+https://github.com/rust-lang/crates.io-index"
checksum = "081e6e5261c9ac2e938979b6a854a53b439f065fc3c897205ce7e69d3028b4a9"
dependencies = [
 "cc",
]

[[package]]
name = "sapp-linux"
version = "0.1.13"
source = "registry+https://github.com/rust-lang/crates.io-index"
checksum = "bbdb2f8011955c62544d9e626a58333e788810d00bd7411d52b81611b92af142"
dependencies = [
 "libc",
]

[[package]]
name = "sapp-wasm"
version = "0.1.26"
source = "registry+https://github.com/rust-lang/crates.io-index"
checksum = "00e859e8645a3bcb85aecd40bab883438e4105f21b21bccbeac2348760f508bb"

[[package]]
name = "sapp-windows"
version = "0.2.18"
source = "registry+https://github.com/rust-lang/crates.io-index"
checksum = "d8faec983cb54ce5e9529815fc0aae6c36bab9fba9cd0ae5590dfa17bc0719fa"
dependencies = [
 "winapi",
]

[[package]]
name = "simba"
version = "0.5.1"
source = "registry+https://github.com/rust-lang/crates.io-index"
checksum = "8e82063457853d00243beda9952e910b82593e4b07ae9f721b9278a99a0d3d5c"
dependencies = [
 "approx",
 "num-complex",
 "num-traits",
 "paste",
]

[[package]]
name = "simba"
version = "0.6.0"
source = "registry+https://github.com/rust-lang/crates.io-index"
checksum = "f0b7840f121a46d63066ee7a99fc81dcabbc6105e437cae43528cea199b5a05f"
dependencies = [
 "approx",
 "num-complex",
 "num-traits",
 "paste",
 "wide",
]

[[package]]
name = "slab"
version = "0.4.4"
source = "registry+https://github.com/rust-lang/crates.io-index"
checksum = "c307a32c1c5c437f38c7fd45d753050587732ba8628319fbdf12a7e289ccc590"

[[package]]
name = "smallvec"
version = "0.6.14"
source = "registry+https://github.com/rust-lang/crates.io-index"
checksum = "b97fcaeba89edba30f044a10c6a3cc39df9c3f17d7cd829dd1446cab35f890e0"
dependencies = [
 "maybe-uninit",
]

[[package]]
name = "snakes"
version = "0.1.0"
dependencies = [
 "async-std",
 "futures",
 "macroquad",
 "nalgebra 0.29.0",
 "num",
 "rand",
 "statrs",
]

[[package]]
name = "socket2"
version = "0.4.1"
source = "registry+https://github.com/rust-lang/crates.io-index"
checksum = "765f090f0e423d2b55843402a07915add955e7d60657db13707a159727326cad"
dependencies = [
 "libc",
 "winapi",
]

[[package]]
name = "statrs"
version = "0.15.0"
source = "registry+https://github.com/rust-lang/crates.io-index"
checksum = "05bdbb8e4e78216a85785a85d3ec3183144f98d0097b9281802c019bb07a6f05"
dependencies = [
 "approx",
 "lazy_static",
 "nalgebra 0.27.1",
 "num-traits",
 "rand",
]

[[package]]
name = "syn"
version = "1.0.75"
source = "registry+https://github.com/rust-lang/crates.io-index"
checksum = "b7f58f7e8eaa0009c5fec437aabf511bd9933e4b2d7407bd05273c01a8906ea7"
dependencies = [
 "proc-macro2",
 "quote",
 "unicode-xid",
]

[[package]]
name = "ttf-parser"
version = "0.12.3"
source = "registry+https://github.com/rust-lang/crates.io-index"
checksum = "7ae2f58a822f08abdaf668897e96a5656fe72f5a9ce66422423e8849384872e6"

[[package]]
name = "typenum"
version = "1.13.0"
source = "registry+https://github.com/rust-lang/crates.io-index"
checksum = "879f6906492a7cd215bfa4cf595b600146ccfac0c79bcbd1f3000162af5e8b06"

[[package]]
name = "unicode-xid"
version = "0.2.2"
source = "registry+https://github.com/rust-lang/crates.io-index"
checksum = "8ccb82d61f80a663efe1f787a51b16b5a51e3314d6ac365b08639f52387b33f3"

[[package]]
name = "value-bag"
version = "1.0.0-alpha.7"
source = "registry+https://github.com/rust-lang/crates.io-index"
checksum = "dd320e1520f94261153e96f7534476ad869c14022aee1e59af7c778075d840ae"
dependencies = [
 "ctor",
 "version_check",
]

[[package]]
name = "version_check"
version = "0.9.3"
source = "registry+https://github.com/rust-lang/crates.io-index"
checksum = "5fecdca9a5291cc2b8dcf7dc02453fee791a280f3743cb0905f8822ae463b3fe"

[[package]]
name = "waker-fn"
version = "1.1.0"
source = "registry+https://github.com/rust-lang/crates.io-index"
checksum = "9d5b2c62b4012a3e1eca5a7e077d13b3bf498c4073e33ccd58626607748ceeca"

[[package]]
name = "wasi"
version = "0.10.2+wasi-snapshot-preview1"
source = "registry+https://github.com/rust-lang/crates.io-index"
checksum = "fd6fbd9a79829dd1ad0cc20627bf1ed606756a7f77edff7b66b7064f9cb327c6"

[[package]]
name = "wasm-bindgen"
version = "0.2.76"
source = "registry+https://github.com/rust-lang/crates.io-index"
checksum = "8ce9b1b516211d33767048e5d47fa2a381ed8b76fc48d2ce4aa39877f9f183e0"
dependencies = [
 "cfg-if",
 "wasm-bindgen-macro",
]

[[package]]
name = "wasm-bindgen-backend"
version = "0.2.76"
source = "registry+https://github.com/rust-lang/crates.io-index"
checksum = "cfe8dc78e2326ba5f845f4b5bf548401604fa20b1dd1d365fb73b6c1d6364041"
dependencies = [
 "bumpalo",
 "lazy_static",
 "log",
 "proc-macro2",
 "quote",
 "syn",
 "wasm-bindgen-shared",
]

[[package]]
name = "wasm-bindgen-futures"
version = "0.4.26"
source = "registry+https://github.com/rust-lang/crates.io-index"
checksum = "95fded345a6559c2cfee778d562300c581f7d4ff3edb9b0d230d69800d213972"
dependencies = [
 "cfg-if",
 "js-sys",
 "wasm-bindgen",
 "web-sys",
]

[[package]]
name = "wasm-bindgen-macro"
version = "0.2.76"
source = "registry+https://github.com/rust-lang/crates.io-index"
checksum = "44468aa53335841d9d6b6c023eaab07c0cd4bddbcfdee3e2bb1e8d2cb8069fef"
dependencies = [
 "quote",
 "wasm-bindgen-macro-support",
]

[[package]]
name = "wasm-bindgen-macro-support"
version = "0.2.76"
source = "registry+https://github.com/rust-lang/crates.io-index"
checksum = "0195807922713af1e67dc66132c7328206ed9766af3858164fb583eedc25fbad"
dependencies = [
 "proc-macro2",
 "quote",
 "syn",
 "wasm-bindgen-backend",
 "wasm-bindgen-shared",
]

[[package]]
name = "wasm-bindgen-shared"
version = "0.2.76"
source = "registry+https://github.com/rust-lang/crates.io-index"
checksum = "acdb075a845574a1fa5f09fd77e43f7747599301ea3417a9fbffdeedfc1f4a29"

[[package]]
name = "web-sys"
version = "0.3.53"
source = "registry+https://github.com/rust-lang/crates.io-index"
checksum = "224b2f6b67919060055ef1a67807367c2066ed520c3862cc013d26cf893a783c"
dependencies = [
 "js-sys",
 "wasm-bindgen",
]

[[package]]
name = "wepoll-ffi"
version = "0.1.2"
source = "registry+https://github.com/rust-lang/crates.io-index"
checksum = "d743fdedc5c64377b5fc2bc036b01c7fd642205a0d96356034ae3404d49eb7fb"
dependencies = [
 "cc",
]

[[package]]
name = "wide"
version = "0.7.0"
source = "registry+https://github.com/rust-lang/crates.io-index"
checksum = "cd89cf484471f953ee84f07c0dff0ea20e9ddf976f03cabdf5dda48b221f22e7"
dependencies = [
 "bytemuck",
 "safe_arch",
]

[[package]]
name = "winapi"
version = "0.3.9"
source = "registry+https://github.com/rust-lang/crates.io-index"
checksum = "5c839a674fcd7a98952e593242ea400abe93992746761e38641405d28b00f419"
dependencies = [
 "winapi-i686-pc-windows-gnu",
 "winapi-x86_64-pc-windows-gnu",
]

[[package]]
name = "winapi-i686-pc-windows-gnu"
version = "0.4.0"
source = "registry+https://github.com/rust-lang/crates.io-index"
checksum = "ac3b87c63620426dd9b991e5ce0329eff545bccbbb34f3be09ff6fb6ab51b7b6"

[[package]]
name = "winapi-x86_64-pc-windows-gnu"
version = "0.4.0"
source = "registry+https://github.com/rust-lang/crates.io-index"
checksum = "712e227841d057c1ee1cd2fb22fa7e5a5461ae8e48fa2ca79ec42cfc1931183f"
